lockfileVersion: 5.4

specifiers:
  autoprefixer: ^10.4.8
  bootstrap: ^5.2.0
  esbuild: ^0.15.3

devDependencies:
  autoprefixer: 10.4.8
  bootstrap: 5.2.0
  esbuild: 0.15.3

packages:

  /@esbuild/linux-loong64/0.15.3:
    resolution: {integrity: sha512-pe7L+LnITFHUSUnuhSQRyYN2E5Anl0r7x/jW+ufc+4fBcaK3Q51b/3ufFWWhmIiuCkr7oKtmVSpaJ1DxbtSfuw==}
    engines: {node: '>=12'}
    cpu: [loong64]
    os: [linux]
    requiresBuild: true
    dev: true
    optional: true

  /autoprefixer/10.4.8:
    resolution: {integrity: sha512-75Jr6Q/XpTqEf6D2ltS5uMewJIx5irCU1oBYJrWjFenq/m12WRRrz6g15L1EIoYvPLXTbEry7rDOwrcYNj77xw==}
    engines: {node: ^10 || ^12 || >=14}
    hasBin: true
    peerDependencies:
      postcss: ^8.1.0
    dependencies:
      browserslist: 4.21.3
      caniuse-lite: 1.0.30001375
      fraction.js: 4.2.0
      normalize-range: 0.1.2
      picocolors: 1.0.0
      postcss-value-parser: 4.2.0
    dev: true

  /bootstrap/5.2.0:
    resolution: {integrity: sha512-qlnS9GL6YZE6Wnef46GxGv1UpGGzAwO0aPL1yOjzDIJpeApeMvqV24iL+pjr2kU4dduoBA9fINKWKgMToobx9A==}
    peerDependencies:
      '@popperjs/core': ^2.11.5
    dev: true

  /browserslist/4.21.3:
    resolution: {integrity: sha512-898rgRXLAyRkM1GryrrBHGkqA5hlpkV5MhtZwg9QXeiyLUYs2k00Un05aX5l2/yJIOObYKOpS2JNo8nJDE7fWQ==}
    engines: {node: ^6 || ^7 || ^8 || ^9 || ^10 || ^11 || ^12 || >=13.7}
    hasBin: true
    dependencies:
      caniuse-lite: 1.0.30001375
      electron-to-chromium: 1.4.219
      node-releases: 2.0.6
      update-browserslist-db: 1.0.5_browserslist@4.21.3
    dev: true

  /caniuse-lite/1.0.30001375:
    resolution: {integrity: sha512-kWIMkNzLYxSvnjy0hL8w1NOaWNr2rn39RTAVyIwcw8juu60bZDWiF1/loOYANzjtJmy6qPgNmn38ro5Pygagdw==}
    dev: true

  /electron-to-chromium/1.4.219:
    resolution: {integrity: sha512-zoQJsXOUw0ZA0YxbjkmzBumAJRtr6je5JySuL/bAoFs0DuLiLJ+5FzRF7/ZayihxR2QcewlRZVm5QZdUhwjOgA==}
    dev: true

  /esbuild-android-64/0.15.3:
    resolution: {integrity: sha512-sHGQ50Bb80ow+DZ8s6mabWn/j+vgfsNDMhipv4v410O++C6gpEcR9A5jR9bTkMsVbr46Id0MMhUGpBasq8H92A==}
    engines: {node: '>=12'}
    cpu: [x64]
    os: [android]
    requiresBuild: true
    dev: true
    optional: true

  /esbuild-android-arm64/0.15.3:
    resolution: {integrity: sha512-+Oiwzgp7HTyeNkgpQySGLCq3zFmvVVyBiNz8bO+7Tc6tlnxSYf8jjQBThRTUsy6vrrjG91h9vZNlYkiikzzWUg==}
    engines: {node: '>=12'}
    cpu: [arm64]
    os: [android]
    requiresBuild: true
    dev: true
    optional: true

  /esbuild-darwin-64/0.15.3:
    resolution: {integrity: sha512-n2BkxzCPHv6OOOs9gxp4AYsccawuw9bDeW9rpSASHao0zQ/u0kP6bjD4ATf2G4A3cml8HGwp18aROl4ws+4Ytg==}
    engines: {node: '>=12'}
    cpu: [x64]
    os: [darwin]
    requiresBuild: true
    dev: true
    optional: true

  /esbuild-darwin-arm64/0.15.3:
    resolution: {integrity: sha512-fSk5M1vQ+y48csVJ4QxweT//DdDytDAb0AvU1gYITqZGA1kL1/i4C5fjKDNZMjB7dkg2a+rfkMyrpZUli+To/w==}
    engines: {node: '>=12'}
    cpu: [arm64]
    os: [darwin]
    requiresBuild: true
    dev: true
    optional: true

  /esbuild-freebsd-64/0.15.3:
    resolution: {integrity: sha512-b21XfM0Wrxu0CzFQN7B4xuAMGUNLT3F3J2NMeLxbUq6lcl2N3Isho1q2AF5bOCpCXVM04k1+PgoQLwNzGYtnjw==}
    engines: {node: '>=12'}
    cpu: [x64]
    os: [freebsd]
    requiresBuild: true
    dev: true
    optional: true

  /esbuild-freebsd-arm64/0.15.3:
    resolution: {integrity: sha512-E0LkWSz7Ch1B2WFXbGvfN3q9uUlQCahBi3S7wTSJO2T41x0BPnIFHw79/RuGKVyA17mX/I7RVOSRnrla2D4tag==}
    engines: {node: '>=12'}
    cpu: [arm64]
    os: [freebsd]
    requiresBuild: true
    dev: true
    optional: true

  /esbuild-linux-32/0.15.3:
    resolution: {integrity: sha512-af7BhXXKwzXL83bfJX8vkxsyDbOr9T5auxyBJnBfkd2w7VwXC1heDT2TQ1cWCWyjqVatyKudW5RCSAySDKDW2Q==}
    engines: {node: '>=12'}
    cpu: [ia32]
    os: [linux]
    requiresBuild: true
    dev: true
    optional: true

  /esbuild-linux-64/0.15.3:
    resolution: {integrity: sha512-Wwq+5ZF2IPE/6W2kJLPnh7eXqtz5XtdPBRB77nhm02my6PsZR3aa/q/fRkJhwO6ExM+t9l3kFhWL4pMwk3wREA==}
    engines: {node: '>=12'}
    cpu: [x64]
    os: [linux]
    requiresBuild: true
    dev: true
    optional: true

  /esbuild-linux-arm/0.15.3:
    resolution: {integrity: sha512-88ycpH4GrbOzaZIIXIzljbeCUkzoaJ5luP6+LATa5hk/Wl+OHkAieDfjAHdH8KuHkGYTojKE1npQq9gll9efUA==}
    engines: {node: '>=12'}
    cpu: [arm]
    os: [linux]
    requiresBuild: true
    dev: true
    optional: true

  /esbuild-linux-arm64/0.15.3:
    resolution: {integrity: sha512-qNvYyYjNm4JPXJcCJv7gXEnyqw2k9W+SeYMoG7RiwWHWv1cMX6xlxPLGz5yIxjH9+VBXkA1nrY/YohaiKq2O3g==}
    engines: {node: '>=12'}
    cpu: [arm64]
    os: [linux]
    requiresBuild: true
    dev: true
    optional: true

  /esbuild-linux-mips64le/0.15.3:
    resolution: {integrity: sha512-t5TXW6Cw8S9Lts7SDZ8rlx/dqPJx8hndYKL6xEgA2vdlrE60eIYTAYWJqsGN0dgePtFC1RPyH6To15l7s9WdYA==}
    engines: {node: '>=12'}
    cpu: [mips64el]
    os: [linux]
    requiresBuild: true
    dev: true
    optional: true

  /esbuild-linux-ppc64le/0.15.3:
    resolution: {integrity: sha512-TXxPgEWOPCY4F6ZMf7+915+H0eOB6AlcZBwjeBs+78ULpzvcmMzZ2ujF2IejKZXYWuMTORPNoG+MuVGBuyUysA==}
    engines: {node: '>=12'}
    cpu: [ppc64]
    os: [linux]
    requiresBuild: true
    dev: true
    optional: true

  /esbuild-linux-riscv64/0.15.3:
    resolution: {integrity: sha512-04tvrbHA83N+tg+qQeJmUQ3jWStUP7+rw+v/l2h3PsNGbcH3WmsgR0Tf0e1ext09asV4x2PX2b2Nm/gBIOrpqg==}
    engines: {node: '>=12'}
    cpu: [riscv64]
    os: [linux]
    requiresBuild: true
    dev: true
    optional: true

  /esbuild-linux-s390x/0.15.3:
    resolution: {integrity: sha512-LHxnvvFMhA/uy9CSrnlCtPZnTfWahR9NPLKwXBgfg16YqpKbRHty+mek1o7l+2G5qLeFEEvhB0a7c+hYgbW/3w==}
    engines: {node: '>=12'}
    cpu: [s390x]
    os: [linux]
    requiresBuild: true
    dev: true
    optional: true

  /esbuild-netbsd-64/0.15.3:
    resolution: {integrity: sha512-8W0UxNuNsgBBa1SLjwqbbDLJF9mf+lvytaYPt5kXbBrz0DI4mKYFlujLQrxLKh8tvs2zRdFNy9HVqmMdbZ1OIQ==}
    engines: {node: '>=12'}
    cpu: [x64]
    os: [netbsd]
    requiresBuild: true
    dev: true
    optional: true

  /esbuild-openbsd-64/0.15.3:
    resolution: {integrity: sha512-QL7xYQ4noukuqh8UGnsrk1m+ShPMYIXjOnAQl3siA7VV6cjuUoCxx6cThgcUDzih8iL5u2xgsGRhsviQIMsUuA==}
    engines: {node: '>=12'}
    cpu: [x64]
    os: [openbsd]
    requiresBuild: true
    dev: true
    optional: true

  /esbuild-sunos-64/0.15.3:
    resolution: {integrity: sha512-vID32ZCZahWDqlEoq9W7OAZDtofAY8aW0V58V5l+kXEvaKvR0m99FLNRuGGY3IDNwjUoOkvoFiMMiy+ONnN7GA==}
    engines: {node: '>=12'}
    cpu: [x64]
    os: [sunos]
    requiresBuild: true
    dev: true
    optional: true

  /esbuild-windows-32/0.15.3:
    resolution: {integrity: sha512-dnrlwu6T85QU9fO0a35HAzgAXm3vVqg+3Kr9EXkmnf5PHv9t7hT/EYW6g/8YYu91DDyGTk9JSyN32YzQ3OS9Lw==}
    engines: {node: '>=12'}
    cpu: [ia32]
    os: [win32]
    requiresBuild: true
    dev: true
    optional: true

  /esbuild-windows-64/0.15.3:
    resolution: {integrity: sha512-HUSlVCpTtOnIKeIn05zz0McNCfZhnu5UgUypmpNrv4Ff1XTvl6vBpQwIZ49eIAkY9zI6oe1Mu6N5ZG7u6X4s7A==}
    engines: {node: '>=12'}
    cpu: [x64]
    os: [win32]
    requiresBuild: true
    dev: true
    optional: true

  /esbuild-windows-arm64/0.15.3:
    resolution: {integrity: sha512-sk6fVXCzGB0uW089+8LdeanZkQUZ+3/xdbWshgLGRawV0NyjSFH4sZPIy+DJnhEnT0pPt1DabZtqrq2DT0FWNw==}
    engines: {node: '>=12'}
    cpu: [arm64]
    os: [win32]
    requiresBuild: true
    dev: true
    optional: true

  /esbuild/0.15.3:
    resolution: {integrity: sha512-D1qLizJTYlGIOK5m/1ckH8vR2U573eLMMA57qvWg/9jj8jPIhjpafv4kxb6ra2eeTlVq8tISxjsyRKbTaeF6PA==}
    engines: {node: '>=12'}
    hasBin: true
    requiresBuild: true
    optionalDependencies:
      '@esbuild/linux-loong64': 0.15.3
      esbuild-android-64: 0.15.3
      esbuild-android-arm64: 0.15.3
      esbuild-darwin-64: 0.15.3
      esbuild-darwin-arm64: 0.15.3
      esbuild-freebsd-64: 0.15.3
      esbuild-freebsd-arm64: 0.15.3
      esbuild-linux-32: 0.15.3
      esbuild-linux-64: 0.15.3
      esbuild-linux-arm: 0.15.3
      esbuild-linux-arm64: 0.15.3
      esbuild-linux-mips64le: 0.15.3
      esbuild-linux-ppc64le: 0.15.3
      esbuild-linux-riscv64: 0.15.3
      esbuild-linux-s390x: 0.15.3
      esbuild-netbsd-64: 0.15.3
      esbuild-openbsd-64: 0.15.3
      esbuild-sunos-64: 0.15.3
      esbuild-windows-32: 0.15.3
      esbuild-windows-64: 0.15.3
      esbuild-windows-arm64: 0.15.3
    dev: true

  /escalade/3.1.1:
    resolution: {integrity: sha512-k0er2gUkLf8O0zKJiAhmkTnJlTvINGv7ygDNPbeIsX/TJjGJZHuh9B2UxbsaEkmlEo9MfhrSzmhIlhRlI2GXnw==}
    engines: {node: '>=6'}
    dev: true

  /fraction.js/4.2.0:
    resolution: {integrity: sha512-MhLuK+2gUcnZe8ZHlaaINnQLl0xRIGRfcGk2yl8xoQAfHrSsL3rYu6FCmBdkdbhc9EPlwyGHewaRsvwRMJtAlA==}
    dev: true

  /node-releases/2.0.6:
    resolution: {integrity: sha512-PiVXnNuFm5+iYkLBNeq5211hvO38y63T0i2KKh2KnUs3RpzJ+JtODFjkD8yjLwnDkTYF1eKXheUwdssR+NRZdg==}
    dev: true

  /normalize-range/0.1.2:
    resolution: {integrity: sha512-bdok/XvKII3nUpklnV6P2hxtMNrCboOjAcyBuQnWEhO665FwrSNRxU+AqpsyvO6LgGYPspN+lu5CLtw4jPRKNA==}
    engines: {node: '>=0.10.0'}
    dev: true

  /picocolors/1.0.0:
    resolution: {integrity: sha512-1fygroTLlHu66zi26VoTDv8yRgm0Fccecssto+MhsZ0D/DGW2sm8E8AjW7NU5VVTRt5GxbeZ5qBuJr+HyLYkjQ==}
    dev: true

  /postcss-value-parser/4.2.0:
    resolution: {integrity: sha512-1NNCs6uurfkVbeXG4S8JFT9t19m45ICnif8zWLd5oPSZ50QnwMfK+H3jv408d4jw/7Bttv5axS5IiHoLaVNHeQ==}
    dev: true

  /update-browserslist-db/1.0.5_browserslist@4.21.3:
    resolution: {integrity: sha512-dteFFpCyvuDdr9S/ff1ISkKt/9YZxKjI9WlRR99c180GaztJtRa/fn18FdxGVKVsnPY7/a/FDN68mcvUmP4U7Q==}
    hasBin: true
    peerDependencies:
      browserslist: '>= 4.21.0'
    dependencies:
      browserslist: 4.21.3
      escalade: 3.1.1
      picocolors: 1.0.0
    dev: true
