lockfileVersion: 5.4

specifiers:
  esbuild: ^0.15.1
  mithril: ^2.2.2

dependencies:
  mithril: 2.2.2

devDependencies:
  esbuild: 0.15.1

packages:

  /@esbuild/linux-loong64/0.15.1:
    resolution: {integrity: sha512-1tORADNFK9QS4KYyUyh3Td9WGrdiI1rSoKvY6A43+9G0kPujBuT4lIGyoK0AweOSO1aRIR28xQUfiJCUa78bUw==}
    engines: {node: '>=12'}
    cpu: [loong64]
    os: [linux]
    requiresBuild: true
    dev: true
    optional: true

  /balanced-match/1.0.2:
    resolution: {integrity: sha512-3oSeUO0TMV67hN1AmbXsK4yaqU7tjiHlbxRDZOpH0KW9+CeX4bRAaX0Anxt0tx2MrpRpWwQaPwIlISEJhYU5Pw==}
    dev: false

  /brace-expansion/1.1.11:
    resolution: {integrity: sha512-iCuPHDFgrHX7H2vEI/5xpz07zSHB00TpugqhmYtVmMO6518mCuRMoOYFldEBl0g187ufozdaHgWKcYFb61qGiA==}
    dependencies:
      balanced-match: 1.0.2
      concat-map: 0.0.1
    dev: false

  /concat-map/0.0.1:
    resolution: {integrity: sha1-2Klr13/Wjfd5OnMDajug1UBdR3s=}
    dev: false

  /esbuild-android-64/0.15.1:
    resolution: {integrity: sha512-q5kkJZsgLIkyh5e2ZJl4/kXKIueBKtjVMEihP9WCHadqhH6+F9qiycE7fBwUb/g2B15mYlmMBXjp8VmOT3J2gA==}
    engines: {node: '>=12'}
    cpu: [x64]
    os: [android]
    requiresBuild: true
    dev: true
    optional: true

  /esbuild-android-arm64/0.15.1:
    resolution: {integrity: sha512-IQuZOzqMaFceLlKJJA27CXAdh+Mzh2ZblHMmcNIu/wxb6iX1zgYXlPWle62iHnmNCtfAux1mzQvmNsP9aLhemA==}
    engines: {node: '>=12'}
    cpu: [arm64]
    os: [android]
    requiresBuild: true
    dev: true
    optional: true

  /esbuild-darwin-64/0.15.1:
    resolution: {integrity: sha512-tyouWLyxwM/Y2fy/reuIvAvVB+KVQwuY9IVyV7LH5CGkJYxgtLb8xVEiwHFF8TG2uo9a2fqdgWffados4YA6Aw==}
    engines: {node: '>=12'}
    cpu: [x64]
    os: [darwin]
    requiresBuild: true
    dev: true
    optional: true

  /esbuild-darwin-arm64/0.15.1:
    resolution: {integrity: sha512-fb4V1eB1nir3zJwsS75itsbahkbM71XuqUDJVH8iyBLS8VIQD7MWWAAekea2l9keueGfsn0+wTyDluMT+kg8Cw==}
    engines: {node: '>=12'}
    cpu: [arm64]
    os: [darwin]
    requiresBuild: true
    dev: true
    optional: true

  /esbuild-freebsd-64/0.15.1:
    resolution: {integrity: sha512-1KxEv/FUPlQtUSOjFCwR8FVNEskB5LmkbfW9FNJ7lhpG+4RsLiHWw4Sl2Y1/S+aKX7inyWxLA05zYV6XAzO8DA==}
    engines: {node: '>=12'}
    cpu: [x64]
    os: [freebsd]
    requiresBuild: true
    dev: true
    optional: true

  /esbuild-freebsd-arm64/0.15.1:
    resolution: {integrity: sha512-ueUMGSNrcuHwAadioxBdfOCO4+bTVeI68a147BQ/AFFIrf4XJNow4UXxguvQlZO+ZYaVz6EztaL6mHslKie2Rw==}
    engines: {node: '>=12'}
    cpu: [arm64]
    os: [freebsd]
    requiresBuild: true
    dev: true
    optional: true

  /esbuild-linux-32/0.15.1:
    resolution: {integrity: sha512-K5WWcN2OZkZ6arFN3+hi1leKc0at9ukKGrXK9Ia94kQOesBphTSmsNK/Gy/AoVoIa0bWrHtxDijS9j9+dz86oA==}
    engines: {node: '>=12'}
    cpu: [ia32]
    os: [linux]
    requiresBuild: true
    dev: true
    optional: true

  /esbuild-linux-64/0.15.1:
    resolution: {integrity: sha512-+haiVm83DfRi9x8M+GgR4f4LtSN8lnEIG8XMGK8/FYpkYNQiKb398GxeHp2yvoMpX8IPvmWCt215tAm5BBNfZQ==}
    engines: {node: '>=12'}
    cpu: [x64]
    os: [linux]
    requiresBuild: true
    dev: true
    optional: true

  /esbuild-linux-arm/0.15.1:
    resolution: {integrity: sha512-qjAkEDcFhVNYwG2xgaDg/hA8JABoMvjzAzE6g1K8kR516oNkKbVf6rN68UrsQaV1zq1qR3dbVeMv/Ul2bheppA==}
    engines: {node: '>=12'}
    cpu: [arm]
    os: [linux]
    requiresBuild: true
    dev: true
    optional: true

  /esbuild-linux-arm64/0.15.1:
    resolution: {integrity: sha512-TP0BCVZEVu/aoVaZe2sn1vpvo63j0LPiH8rvd7AegqOfTwb+mcxLxpgyYwkibafUCMxnIrKdUTsSJeusoMhcLg==}
    engines: {node: '>=12'}
    cpu: [arm64]
    os: [linux]
    requiresBuild: true
    dev: true
    optional: true

  /esbuild-linux-mips64le/0.15.1:
    resolution: {integrity: sha512-8vzQzp+kwrn1Y+OjvfFaLS8uL8aR39WnAtxOHwjB72s9g18kHFlE8IQLS9dWDQgKpBSFq9kazsJE65dSVmz+VA==}
    engines: {node: '>=12'}
    cpu: [mips64el]
    os: [linux]
    requiresBuild: true
    dev: true
    optional: true

  /esbuild-linux-ppc64le/0.15.1:
    resolution: {integrity: sha512-QlWSOgC2Ad53Xvf7ZivXU7wM2y29YhQUrd50PjK0QJ3psh/eYSQx77PTe1iWm7Ovjiqv1wPKEAyC7CbyJUgriw==}
    engines: {node: '>=12'}
    cpu: [ppc64]
    os: [linux]
    requiresBuild: true
    dev: true
    optional: true

  /esbuild-linux-riscv64/0.15.1:
    resolution: {integrity: sha512-/PRNgNsiwb7G2n3rB5WcHinCwKj0OqUmtu8cdakV4CLNWnFnfChEGEJX1x5n8RcGD3xPUlI5CgqFe0/oBcUh+A==}
    engines: {node: '>=12'}
    cpu: [riscv64]
    os: [linux]
    requiresBuild: true
    dev: true
    optional: true

  /esbuild-linux-s390x/0.15.1:
    resolution: {integrity: sha512-TScRbO4mi4AUUXzIQ8sb6ZXhGkCb/PlJ82qFfBE6xxsioae/d6XaSdaha/+OUTvmPeoro3lNf3vwdw27v3wEgw==}
    engines: {node: '>=12'}
    cpu: [s390x]
    os: [linux]
    requiresBuild: true
    dev: true
    optional: true

  /esbuild-netbsd-64/0.15.1:
    resolution: {integrity: sha512-ES2pbK8QfsMZbdPkgjkLwWfnEGtPa0vYzVFLQn7GFgP+RiemY+ulH7WWQ8ezMt9rZl4XAR3y14yKLGX0gsBLaw==}
    engines: {node: '>=12'}
    cpu: [x64]
    os: [netbsd]
    requiresBuild: true
    dev: true
    optional: true

  /esbuild-openbsd-64/0.15.1:
    resolution: {integrity: sha512-DxNWji11AxSEny4HzSKu21Skia8tEPQI1N+XO/RqVOJComOvsFLq+QeooKsK2caOsQIKl9mO14Hh+px+zFabMA==}
    engines: {node: '>=12'}
    cpu: [x64]
    os: [openbsd]
    requiresBuild: true
    dev: true
    optional: true

  /esbuild-sunos-64/0.15.1:
    resolution: {integrity: sha512-lwZoWlv893qtQQx5H4QQCh2mcYzGbxEz09ESFdd4cHcUCfjb193bSAy6jPxW2efBx2fHEo2sw43TRtAkpCf+XQ==}
    engines: {node: '>=12'}
    cpu: [x64]
    os: [sunos]
    requiresBuild: true
    dev: true
    optional: true

  /esbuild-windows-32/0.15.1:
    resolution: {integrity: sha512-jEFz8DxP+Hh67fk9XMoyLUqPjjoCT6m4bnl36aze0XpPZDuQm0SBDlG/ciOBCjzHDsu/MYUNwxVezvUT3sXh1A==}
    engines: {node: '>=12'}
    cpu: [ia32]
    os: [win32]
    requiresBuild: true
    dev: true
    optional: true

  /esbuild-windows-64/0.15.1:
    resolution: {integrity: sha512-bUetnfw4xXKBTOQx4sTzoENJVEdgAN29ZTLRtnMseRzsMO8pjObQMsRPpPL3Cstt6FJhj3k3uScHc5VnfC9QkA==}
    engines: {node: '>=12'}
    cpu: [x64]
    os: [win32]
    requiresBuild: true
    dev: true
    optional: true

  /esbuild-windows-arm64/0.15.1:
    resolution: {integrity: sha512-oN0JMj7fQZOiqJ/f/wc8lkxjvWwj5Yz0ZhOeU90JFaPZAfafNnysi6GS95glY5uwLUUJz/RNc84cb0dK2qT89A==}
    engines: {node: '>=12'}
    cpu: [arm64]
    os: [win32]
    requiresBuild: true
    dev: true
    optional: true

  /esbuild/0.15.1:
    resolution: {integrity: sha512-zgxo2st9wSbdiR6rTo44l/L7ohttqdXFmhUi5tE6yWahgdBjCwZjBgIkm/gr/TcBTTIwyzd7em8WI37yZ+F2Mg==}
    engines: {node: '>=12'}
    hasBin: true
    requiresBuild: true
    optionalDependencies:
      '@esbuild/linux-loong64': 0.15.1
      esbuild-android-64: 0.15.1
      esbuild-android-arm64: 0.15.1
      esbuild-darwin-64: 0.15.1
      esbuild-darwin-arm64: 0.15.1
      esbuild-freebsd-64: 0.15.1
      esbuild-freebsd-arm64: 0.15.1
      esbuild-linux-32: 0.15.1
      esbuild-linux-64: 0.15.1
      esbuild-linux-arm: 0.15.1
      esbuild-linux-arm64: 0.15.1
      esbuild-linux-mips64le: 0.15.1
      esbuild-linux-ppc64le: 0.15.1
      esbuild-linux-riscv64: 0.15.1
      esbuild-linux-s390x: 0.15.1
      esbuild-netbsd-64: 0.15.1
      esbuild-openbsd-64: 0.15.1
      esbuild-sunos-64: 0.15.1
      esbuild-windows-32: 0.15.1
      esbuild-windows-64: 0.15.1
      esbuild-windows-arm64: 0.15.1
    dev: true

  /fs.realpath/1.0.0:
    resolution: {integrity: sha512-OO0pH2lK6a0hZnAdau5ItzHPI6pUlvI7jMVnxUQRtw4owF2wk8lOSabtGDCTP4Ggrg2MbGnWO9X8K1t4+fGMDw==}
    dev: false

  /glob/7.2.3:
    resolution: {integrity: sha512-nFR0zLpU2YCaRxwoCJvL6UvCH2JFyFVIvwTLsIf21AuHlMskA1hhTdk+LlYJtOlYt9v6dvszD2BGRqBL+iQK9Q==}
    dependencies:
      fs.realpath: 1.0.0
      inflight: 1.0.6
      inherits: 2.0.4
      minimatch: 3.1.2
      once: 1.4.0
      path-is-absolute: 1.0.1
    dev: false

  /inflight/1.0.6:
    resolution: {integrity: sha512-k92I/b08q4wvFscXCLvqfsHCrjrF7yiXsQuIVvVE7N82W3+aqpzuUdBbfhWcy/FZR3/4IgflMgKLOsvPDrGCJA==}
    dependencies:
      once: 1.4.0
      wrappy: 1.0.2
    dev: false

  /inherits/2.0.4:
    resolution: {integrity: sha512-k/vGaX4/Yla3WzyMCvTQOXYeIHvqOKtnqBduzTHpzpQZzAskKMhZ2K+EnBiSM9zGSoIFeMpXKxa4dYeZIQqewQ==}
    dev: false

  /minimatch/3.1.2:
    resolution: {integrity: sha512-J7p63hRiAjw1NDEww1W7i37+ByIrOWO5XQQAzZ3VOcL0PNybwpfmV/N05zFAzwQ9USyEcX6t3UO+K5aqBQOIHw==}
    dependencies:
      brace-expansion: 1.1.11
    dev: false

  /mithril/2.2.2:
    resolution: {integrity: sha512-YRm6eLv2UUaWaWHdH8L+desW9+DN7+oM34CxJv6tT2e1lNVue8bxQlknQeDRn9aKlO8sIujm2wqUHwM+Hb1wGQ==}
    hasBin: true
    dependencies:
      ospec: 4.0.0
    dev: false

  /once/1.4.0:
    resolution: {integrity: sha512-lNaJgI+2Q5URQBkccEKHTQOPaXdUxnZZElQTZY0MFUAuaEqe1E+Nyvgdz/aIyNi6Z9MzO5dv1H8n58/GELp3+w==}
    dependencies:
      wrappy: 1.0.2
    dev: false

  /ospec/4.0.0:
    resolution: {integrity: sha512-MpDtkpscOxHYb4w71v7GB4LBsRuzxZnM+HdwjhzJQzu+5EJvA80yxTaKw+wp5Dmf5RV2/Bg3Uvz2vlI/PhW9Ow==}
    hasBin: true
    dependencies:
      glob: 7.2.3
    dev: false

  /path-is-absolute/1.0.1:
    resolution: {integrity: sha512-AVbw3UJ2e9bq64vSaS9Am0fje1Pa8pbGqTTsmXfaIiMpnr5DlDhfJOuLj9Sf95ZPVDAUerDfEk88MPmPe7UCQg==}
    engines: {node: '>=0.10.0'}
    dev: false

  /wrappy/1.0.2:
    resolution: {integrity: sha512-l4Sp/DRseor9wL6EvV2+TuQn63dMkPjZ/sp9XkghTEbV9KlPS1xUsZ3u7/IQO4wxtcFB4bgpQPRcR3QCvezPcQ==}
    dev: false
